// !$*UTF8*$!
{
	archiveVersion = 1;
	classes = {
	};
	objectVersion = 50;
	objects = {

/* Begin PBXBuildFile section */
		63276667262DFAF300D7C106 /* Assets.xcassets in Resources */ = {isa = PBXBuildFile; fileRef = 63276666262DFAF300D7C106 /* Assets.xcassets */; };
		63276675262DFAF300D7C106 /* WWTPOCTests.swift in Sources */ = {isa = PBXBuildFile; fileRef = 63276674262DFAF300D7C106 /* WWTPOCTests.swift */; };
		63276680262DFAF300D7C106 /* WWTPOCUITests.swift in Sources */ = {isa = PBXBuildFile; fileRef = 6327667F262DFAF300D7C106 /* WWTPOCUITests.swift */; };
		632766A7262DFB4E00D7C106 /* UIImageView+Feature.swift in Sources */ = {isa = PBXBuildFile; fileRef = 63276691262DFB4E00D7C106 /* UIImageView+Feature.swift */; };
		632766A8262DFB4E00D7C106 /* Constants.swift in Sources */ = {isa = PBXBuildFile; fileRef = 63276692262DFB4E00D7C106 /* Constants.swift */; };
		632766A9262DFB4E00D7C106 /* String+Feature.swift in Sources */ = {isa = PBXBuildFile; fileRef = 63276693262DFB4E00D7C106 /* String+Feature.swift */; };
		632766AA262DFB4E00D7C106 /* AlbumsViewController.swift in Sources */ = {isa = PBXBuildFile; fileRef = 63276695262DFB4E00D7C106 /* AlbumsViewController.swift */; };
		632766AB262DFB4E00D7C106 /* AlbumCell.swift in Sources */ = {isa = PBXBuildFile; fileRef = 63276697262DFB4E00D7C106 /* AlbumCell.swift */; };
		632766AC262DFB4E00D7C106 /* AlbumCell.xib in Resources */ = {isa = PBXBuildFile; fileRef = 63276698262DFB4E00D7C106 /* AlbumCell.xib */; };
		632766AD262DFB4E00D7C106 /* LaunchScreen.storyboard in Resources */ = {isa = PBXBuildFile; fileRef = 63276699262DFB4E00D7C106 /* LaunchScreen.storyboard */; };
		632766AE262DFB4E00D7C106 /* Main.storyboard in Resources */ = {isa = PBXBuildFile; fileRef = 6327669B262DFB4E00D7C106 /* Main.storyboard */; };
		632766AF262DFB4E00D7C106 /* AlbumsListViewModel.swift in Sources */ = {isa = PBXBuildFile; fileRef = 6327669E262DFB4E00D7C106 /* AlbumsListViewModel.swift */; };
		632766B0262DFB4E00D7C106 /* AlbumService.swift in Sources */ = {isa = PBXBuildFile; fileRef = 632766A0262DFB4E00D7C106 /* AlbumService.swift */; };
		632766B1262DFB4E00D7C106 /* API.swift in Sources */ = {isa = PBXBuildFile; fileRef = 632766A1262DFB4E00D7C106 /* API.swift */; };
		632766B2262DFB4E00D7C106 /* Album.swift in Sources */ = {isa = PBXBuildFile; fileRef = 632766A3262DFB4E00D7C106 /* Album.swift */; };
		632766B3262DFB4E00D7C106 /* AppDelegate.swift in Sources */ = {isa = PBXBuildFile; fileRef = 632766A5262DFB4E00D7C106 /* AppDelegate.swift */; };
		632766B4262DFB4E00D7C106 /* SceneDelegate.swift in Sources */ = {isa = PBXBuildFile; fileRef = 632766A6262DFB4E00D7C106 /* SceneDelegate.swift */; };
/* End PBXBuildFile section */

/* Begin PBXContainerItemProxy section */
		63276671262DFAF300D7C106 /* PBXContainerItemProxy */ = {
			isa = PBXContainerItemProxy;
			containerPortal = 63276652262DFAF200D7C106 /* Project object */;
			proxyType = 1;
			remoteGlobalIDString = 63276659262DFAF200D7C106;
			remoteInfo = WWTPOC;
		};
		6327667C262DFAF300D7C106 /* PBXContainerItemProxy */ = {
			isa = PBXContainerItemProxy;
			containerPortal = 63276652262DFAF200D7C106 /* Project object */;
			proxyType = 1;
			remoteGlobalIDString = 63276659262DFAF200D7C106;
			remoteInfo = WWTPOC;
		};
/* End PBXContainerItemProxy section */

/* Begin PBXFileReference section */
		6327665A262DFAF200D7C106 /* WWTPOC.app */ = {isa = PBXFileReference; explicitFileType = wrapper.application; includeInIndex = 0; path = WWTPOC.app; sourceTree = BUILT_PRODUCTS_DIR; };
		63276666262DFAF300D7C106 /* Assets.xcassets */ = {isa = PBXFileReference; lastKnownFileType = folder.assetcatalog; path = Assets.xcassets; sourceTree = "<group>"; };
		6327666B262DFAF300D7C106 /* Info.plist */ = {isa = PBXFileReference; lastKnownFileType = text.plist.xml; path = Info.plist; sourceTree = "<group>"; };
		63276670262DFAF300D7C106 /* WWTPOCTests.xctest */ = {isa = PBXFileReference; explicitFileType = wrapper.cfbundle; includeInIndex = 0; path = WWTPOCTests.xctest; sourceTree = BUILT_PRODUCTS_DIR; };
		63276674262DFAF300D7C106 /* WWTPOCTests.swift */ = {isa = PBXFileReference; lastKnownFileType = sourcecode.swift; path = WWTPOCTests.swift; sourceTree = "<group>"; };
		63276676262DFAF300D7C106 /* Info.plist */ = {isa = PBXFileReference; lastKnownFileType = text.plist.xml; path = Info.plist; sourceTree = "<group>"; };
		6327667B262DFAF300D7C106 /* WWTPOCUITests.xctest */ = {isa = PBXFileReference; explicitFileType = wrapper.cfbundle; includeInIndex = 0; path = WWTPOCUITests.xctest; sourceTree = BUILT_PRODUCTS_DIR; };
		6327667F262DFAF300D7C106 /* WWTPOCUITests.swift */ = {isa = PBXFileReference; lastKnownFileType = sourcecode.swift; path = WWTPOCUITests.swift; sourceTree = "<group>"; };
		63276681262DFAF300D7C106 /* Info.plist */ = {isa = PBXFileReference; lastKnownFileType = text.plist.xml; path = Info.plist; sourceTree = "<group>"; };
		63276691262DFB4E00D7C106 /* UIImageView+Feature.swift */ = {isa = PBXFileReference; fileEncoding = 4; lastKnownFileType = sourcecode.swift; path = "UIImageView+Feature.swift"; sourceTree = "<group>"; };
		63276692262DFB4E00D7C106 /* Constants.swift */ = {isa = PBXFileReference; fileEncoding = 4; lastKnownFileType = sourcecode.swift; path = Constants.swift; sourceTree = "<group>"; };
		63276693262DFB4E00D7C106 /* String+Feature.swift */ = {isa = PBXFileReference; fileEncoding = 4; lastKnownFileType = sourcecode.swift; path = "String+Feature.swift"; sourceTree = "<group>"; };
		63276695262DFB4E00D7C106 /* AlbumsViewController.swift */ = {isa = PBXFileReference; fileEncoding = 4; lastKnownFileType = sourcecode.swift; path = AlbumsViewController.swift; sourceTree = "<group>"; };
		63276697262DFB4E00D7C106 /* AlbumCell.swift */ = {isa = PBXFileReference; fileEncoding = 4; lastKnownFileType = sourcecode.swift; path = AlbumCell.swift; sourceTree = "<group>"; };
		63276698262DFB4E00D7C106 /* AlbumCell.xib */ = {isa = PBXFileReference; fileEncoding = 4; lastKnownFileType = file.xib; path = AlbumCell.xib; sourceTree = "<group>"; };
		6327669A262DFB4E00D7C106 /* Base */ = {isa = PBXFileReference; lastKnownFileType = file.storyboard; name = Base; path = Base.lproj/LaunchScreen.storyboard; sourceTree = "<group>"; };
		6327669C262DFB4E00D7C106 /* Base */ = {isa = PBXFileReference; lastKnownFileType = file.storyboard; name = Base; path = Base.lproj/Main.storyboard; sourceTree = "<group>"; };
		6327669E262DFB4E00D7C106 /* AlbumsListViewModel.swift */ = {isa = PBXFileReference; fileEncoding = 4; lastKnownFileType = sourcecode.swift; path = AlbumsListViewModel.swift; sourceTree = "<group>"; };
		632766A0262DFB4E00D7C106 /* AlbumService.swift */ = {isa = PBXFileReference; fileEncoding = 4; lastKnownFileType = sourcecode.swift; path = AlbumService.swift; sourceTree = "<group>"; };
		632766A1262DFB4E00D7C106 /* API.swift */ = {isa = PBXFileReference; fileEncoding = 4; lastKnownFileType = sourcecode.swift; path = API.swift; sourceTree = "<group>"; };
		632766A3262DFB4E00D7C106 /* Album.swift */ = {isa = PBXFileReference; fileEncoding = 4; lastKnownFileType = sourcecode.swift; path = Album.swift; sourceTree = "<group>"; };
		632766A5262DFB4E00D7C106 /* AppDelegate.swift */ = {isa = PBXFileReference; fileEncoding = 4; lastKnownFileType = sourcecode.swift; path = AppDelegate.swift; sourceTree = "<group>"; };
		632766A6262DFB4E00D7C106 /* SceneDelegate.swift */ = {isa = PBXFileReference; fileEncoding = 4; lastKnownFileType = sourcecode.swift; path = SceneDelegate.swift; sourceTree = "<group>"; };
/* End PBXFileReference section */

/* Begin PBXFrameworksBuildPhase section */
		63276657262DFAF200D7C106 /* Frameworks */ = {
			isa = PBXFrameworksBuildPhase;
			buildActionMask = 2147483647;
			files = (
			);
			runOnlyForDeploymentPostprocessing = 0;
		};
		6327666D262DFAF300D7C106 /* Frameworks */ = {
			isa = PBXFrameworksBuildPhase;
			buildActionMask = 2147483647;
			files = (
			);
			runOnlyForDeploymentPostprocessing = 0;
		};
		63276678262DFAF300D7C106 /* Frameworks */ = {
			isa = PBXFrameworksBuildPhase;
			buildActionMask = 2147483647;
			files = (
			);
			runOnlyForDeploymentPostprocessing = 0;
		};
/* End PBXFrameworksBuildPhase section */

/* Begin PBXGroup section */
		63276651262DFAF200D7C106 = {
			isa = PBXGroup;
			children = (
				6327665C262DFAF200D7C106 /* WWTPOC */,
				63276673262DFAF300D7C106 /* WWTPOCTests */,
				6327667E262DFAF300D7C106 /* WWTPOCUITests */,
				6327665B262DFAF200D7C106 /* Products */,
			);
			sourceTree = "<group>";
		};
		6327665B262DFAF200D7C106 /* Products */ = {
			isa = PBXGroup;
			children = (
				6327665A262DFAF200D7C106 /* WWTPOC.app */,
				63276670262DFAF300D7C106 /* WWTPOCTests.xctest */,
				6327667B262DFAF300D7C106 /* WWTPOCUITests.xctest */,
			);
			name = Products;
			sourceTree = "<group>";
		};
		6327665C262DFAF200D7C106 /* WWTPOC */ = {
			isa = PBXGroup;
			children = (
				632766A4262DFB4E00D7C106 /* App */,
				63276694262DFB4E00D7C106 /* Controller */,
				63276690262DFB4E00D7C106 /* Helper */,
				632766A2262DFB4E00D7C106 /* Model */,
				6327669F262DFB4E00D7C106 /* Network */,
				63276696262DFB4E00D7C106 /* View */,
				6327669D262DFB4E00D7C106 /* ViewModel */,
				63276666262DFAF300D7C106 /* Assets.xcassets */,
				6327666B262DFAF300D7C106 /* Info.plist */,
			);
			path = WWTPOC;
			sourceTree = "<group>";
		};
		63276673262DFAF300D7C106 /* WWTPOCTests */ = {
			isa = PBXGroup;
			children = (
				63276674262DFAF300D7C106 /* WWTPOCTests.swift */,
				63276676262DFAF300D7C106 /* Info.plist */,
			);
			path = WWTPOCTests;
			sourceTree = "<group>";
		};
		6327667E262DFAF300D7C106 /* WWTPOCUITests */ = {
			isa = PBXGroup;
			children = (
				6327667F262DFAF300D7C106 /* WWTPOCUITests.swift */,
				63276681262DFAF300D7C106 /* Info.plist */,
			);
			path = WWTPOCUITests;
			sourceTree = "<group>";
		};
		63276690262DFB4E00D7C106 /* Helper */ = {
			isa = PBXGroup;
			children = (
				63276691262DFB4E00D7C106 /* UIImageView+Feature.swift */,
				63276692262DFB4E00D7C106 /* Constants.swift */,
				63276693262DFB4E00D7C106 /* String+Feature.swift */,
			);
			path = Helper;
			sourceTree = "<group>";
		};
		63276694262DFB4E00D7C106 /* Controller */ = {
			isa = PBXGroup;
			children = (
				63276695262DFB4E00D7C106 /* AlbumsViewController.swift */,
			);
			path = Controller;
			sourceTree = "<group>";
		};
		63276696262DFB4E00D7C106 /* View */ = {
			isa = PBXGroup;
			children = (
				63276697262DFB4E00D7C106 /* AlbumCell.swift */,
				63276698262DFB4E00D7C106 /* AlbumCell.xib */,
				63276699262DFB4E00D7C106 /* LaunchScreen.storyboard */,
				6327669B262DFB4E00D7C106 /* Main.storyboard */,
			);
			path = View;
			sourceTree = "<group>";
		};
		6327669D262DFB4E00D7C106 /* ViewModel */ = {
			isa = PBXGroup;
			children = (
				6327669E262DFB4E00D7C106 /* AlbumsListViewModel.swift */,
			);
			path = ViewModel;
			sourceTree = "<group>";
		};
		6327669F262DFB4E00D7C106 /* Network */ = {
			isa = PBXGroup;
			children = (
				632766A0262DFB4E00D7C106 /* AlbumService.swift */,
				632766A1262DFB4E00D7C106 /* API.swift */,
			);
			path = Network;
			sourceTree = "<group>";
		};
		632766A2262DFB4E00D7C106 /* Model */ = {
			isa = PBXGroup;
			children = (
				632766A3262DFB4E00D7C106 /* Album.swift */,
			);
			path = Model;
			sourceTree = "<group>";
		};
		632766A4262DFB4E00D7C106 /* App */ = {
			isa = PBXGroup;
			children = (
				632766A5262DFB4E00D7C106 /* AppDelegate.swift */,
				632766A6262DFB4E00D7C106 /* SceneDelegate.swift */,
			);
			path = App;
			sourceTree = "<group>";
		};
/* End PBXGroup section */

/* Begin PBXNativeTarget section */
		63276659262DFAF200D7C106 /* WWTPOC */ = {
			isa = PBXNativeTarget;
			buildConfigurationList = 63276684262DFAF300D7C106 /* Build configuration list for PBXNativeTarget "WWTPOC" */;
			buildPhases = (
				63276656262DFAF200D7C106 /* Sources */,
				63276657262DFAF200D7C106 /* Frameworks */,
				63276658262DFAF200D7C106 /* Resources */,
			);
			buildRules = (
			);
			dependencies = (
			);
			name = WWTPOC;
			productName = WWTPOC;
			productReference = 6327665A262DFAF200D7C106 /* WWTPOC.app */;
			productType = "com.apple.product-type.application";
		};
		6327666F262DFAF300D7C106 /* WWTPOCTests */ = {
			isa = PBXNativeTarget;
			buildConfigurationList = 63276687262DFAF300D7C106 /* Build configuration list for PBXNativeTarget "WWTPOCTests" */;
			buildPhases = (
				6327666C262DFAF300D7C106 /* Sources */,
				6327666D262DFAF300D7C106 /* Frameworks */,
				6327666E262DFAF300D7C106 /* Resources */,
			);
			buildRules = (
			);
			dependencies = (
				63276672262DFAF300D7C106 /* PBXTargetDependency */,
			);
			name = WWTPOCTests;
			productName = WWTPOCTests;
			productReference = 63276670262DFAF300D7C106 /* WWTPOCTests.xctest */;
			productType = "com.apple.product-type.bundle.unit-test";
		};
		6327667A262DFAF300D7C106 /* WWTPOCUITests */ = {
			isa = PBXNativeTarget;
			buildConfigurationList = 6327668A262DFAF300D7C106 /* Build configuration list for PBXNativeTarget "WWTPOCUITests" */;
			buildPhases = (
				63276677262DFAF300D7C106 /* Sources */,
				63276678262DFAF300D7C106 /* Frameworks */,
				63276679262DFAF300D7C106 /* Resources */,
			);
			buildRules = (
			);
			dependencies = (
				6327667D262DFAF300D7C106 /* PBXTargetDependency */,
			);
			name = WWTPOCUITests;
			productName = WWTPOCUITests;
			productReference = 6327667B262DFAF300D7C106 /* WWTPOCUITests.xctest */;
			productType = "com.apple.product-type.bundle.ui-testing";
		};
/* End PBXNativeTarget section */

/* Begin PBXProject section */
		63276652262DFAF200D7C106 /* Project object */ = {
			isa = PBXProject;
			attributes = {
				LastSwiftUpdateCheck = 1220;
				LastUpgradeCheck = 1220;
				TargetAttributes = {
					63276659262DFAF200D7C106 = {
						CreatedOnToolsVersion = 12.2;
					};
					6327666F262DFAF300D7C106 = {
						CreatedOnToolsVersion = 12.2;
						TestTargetID = 63276659262DFAF200D7C106;
					};
					6327667A262DFAF300D7C106 = {
						CreatedOnToolsVersion = 12.2;
						TestTargetID = 63276659262DFAF200D7C106;
					};
				};
			};
			buildConfigurationList = 63276655262DFAF200D7C106 /* Build configuration list for PBXProject "WWTPOC" */;
			compatibilityVersion = "Xcode 9.3";
			developmentRegion = en;
			hasScannedForEncodings = 0;
			knownRegions = (
				en,
				Base,
			);
			mainGroup = 63276651262DFAF200D7C106;
			productRefGroup = 6327665B262DFAF200D7C106 /* Products */;
			projectDirPath = "";
			projectRoot = "";
			targets = (
				63276659262DFAF200D7C106 /* WWTPOC */,
				6327666F262DFAF300D7C106 /* WWTPOCTests */,
				6327667A262DFAF300D7C106 /* WWTPOCUITests */,
			);
		};
/* End PBXProject section */

/* Begin PBXResourcesBuildPhase section */
		63276658262DFAF200D7C106 /* Resources */ = {
			isa = PBXResourcesBuildPhase;
			buildActionMask = 2147483647;
			files = (
				63276667262DFAF300D7C106 /* Assets.xcassets in Resources */,
				632766AE262DFB4E00D7C106 /* Main.storyboard in Resources */,
				632766AD262DFB4E00D7C106 /* LaunchScreen.storyboard in Resources */,
				632766AC262DFB4E00D7C106 /* AlbumCell.xib in Resources */,
			);
			runOnlyForDeploymentPostprocessing = 0;
		};
		6327666E262DFAF300D7C106 /* Resources */ = {
			isa = PBXResourcesBuildPhase;
			buildActionMask = 2147483647;
			files = (
			);
			runOnlyForDeploymentPostprocessing = 0;
		};
		63276679262DFAF300D7C106 /* Resources */ = {
			isa = PBXResourcesBuildPhase;
			buildActionMask = 2147483647;
			files = (
			);
			runOnlyForDeploymentPostprocessing = 0;
		};
/* End PBXResourcesBuildPhase section */

/* Begin PBXSourcesBuildPhase section */
		63276656262DFAF200D7C106 /* Sources */ = {
			isa = PBXSourcesBuildPhase;
			buildActionMask = 2147483647;
			files = (
				632766B1262DFB4E00D7C106 /* API.swift in Sources */,
				632766B4262DFB4E00D7C106 /* SceneDelegate.swift in Sources */,
				632766AA262DFB4E00D7C106 /* AlbumsViewController.swift in Sources */,
				632766AF262DFB4E00D7C106 /* AlbumsListViewModel.swift in Sources */,
				632766A8262DFB4E00D7C106 /* Constants.swift in Sources */,
				632766B0262DFB4E00D7C106 /* AlbumService.swift in Sources */,
				632766AB262DFB4E00D7C106 /* AlbumCell.swift in Sources */,
				632766B3262DFB4E00D7C106 /* AppDelegate.swift in Sources */,
				632766A9262DFB4E00D7C106 /* String+Feature.swift in Sources */,
				632766A7262DFB4E00D7C106 /* UIImageView+Feature.swift in Sources */,
				632766B2262DFB4E00D7C106 /* Album.swift in Sources */,
			);
			runOnlyForDeploymentPostprocessing = 0;
		};
		6327666C262DFAF300D7C106 /* Sources */ = {
			isa = PBXSourcesBuildPhase;
			buildActionMask = 2147483647;
			files = (
				63276675262DFAF300D7C106 /* WWTPOCTests.swift in Sources */,
			);
			runOnlyForDeploymentPostprocessing = 0;
		};
		63276677262DFAF300D7C106 /* Sources */ = {
			isa = PBXSourcesBuildPhase;
			buildActionMask = 2147483647;
			files = (
				63276680262DFAF300D7C106 /* WWTPOCUITests.swift in Sources */,
			);
			runOnlyForDeploymentPostprocessing = 0;
		};
/* End PBXSourcesBuildPhase section */

/* Begin PBXTargetDependency section */
		63276672262DFAF300D7C106 /* PBXTargetDependency */ = {
			isa = PBXTargetDependency;
			target = 63276659262DFAF200D7C106 /* WWTPOC */;
			targetProxy = 63276671262DFAF300D7C106 /* PBXContainerItemProxy */;
		};
		6327667D262DFAF300D7C106 /* PBXTargetDependency */ = {
			isa = PBXTargetDependency;
			target = 63276659262DFAF200D7C106 /* WWTPOC */;
			targetProxy = 6327667C262DFAF300D7C106 /* PBXContainerItemProxy */;
		};
/* End PBXTargetDependency section */

/* Begin PBXVariantGroup section */
		63276699262DFB4E00D7C106 /* LaunchScreen.storyboard */ = {
			isa = PBXVariantGroup;
			children = (
				6327669A262DFB4E00D7C106 /* Base */,
			);
			name = LaunchScreen.storyboard;
			sourceTree = "<group>";
		};
		6327669B262DFB4E00D7C106 /* Main.storyboard */ = {
			isa = PBXVariantGroup;
			children = (
				6327669C262DFB4E00D7C106 /* Base */,
			);
			name = Main.storyboard;
			sourceTree = "<group>";
		};
/* End PBXVariantGroup section */

/* Begin XCBuildConfiguration section */
		63276682262DFAF300D7C106 /* Debug */ = {
			isa = XCBuildConfiguration;
			buildSettings = {
				ALWAYS_SEARCH_USER_PATHS = NO;
				CLANG_ANALYZER_NONNULL = YES;
				CLANG_ANALYZER_NUMBER_OBJECT_CONVERSION = YES_AGGRESSIVE;
				CLANG_CXX_LANGUAGE_STANDARD = "gnu++14";
				CLANG_CXX_LIBRARY = "libc++";
				CLANG_ENABLE_MODULES = YES;
				CLANG_ENABLE_OBJC_ARC = YES;
				CLANG_ENABLE_OBJC_WEAK = YES;
				CLANG_WARN_BLOCK_CAPTURE_AUTORELEASING = YES;
				CLANG_WARN_BOOL_CONVERSION = YES;
				CLANG_WARN_COMMA = YES;
				CLANG_WARN_CONSTANT_CONVERSION = YES;
				CLANG_WARN_DEPRECATED_OBJC_IMPLEMENTATIONS = YES;
				CLANG_WARN_DIRECT_OBJC_ISA_USAGE = YES_ERROR;
				CLANG_WARN_DOCUMENTATION_COMMENTS = YES;
				CLANG_WARN_EMPTY_BODY = YES;
				CLANG_WARN_ENUM_CONVERSION = YES;
				CLANG_WARN_INFINITE_RECURSION = YES;
				CLANG_WARN_INT_CONVERSION = YES;
				CLANG_WARN_NON_LITERAL_NULL_CONVERSION = YES;
				CLANG_WARN_OBJC_IMPLICIT_RETAIN_SELF = YES;
				CLANG_WARN_OBJC_LITERAL_CONVERSION = YES;
				CLANG_WARN_OBJC_ROOT_CLASS = YES_ERROR;
				CLANG_WARN_QUOTED_INCLUDE_IN_FRAMEWORK_HEADER = YES;
				CLANG_WARN_RANGE_LOOP_ANALYSIS = YES;
				CLANG_WARN_STRICT_PROTOTYPES = YES;
				CLANG_WARN_SUSPICIOUS_MOVE = YES;
				CLANG_WARN_UNGUARDED_AVAILABILITY = YES_AGGRESSIVE;
				CLANG_WARN_UNREACHABLE_CODE = YES;
				CLANG_WARN__DUPLICATE_METHOD_MATCH = YES;
				COPY_PHASE_STRIP = NO;
				DEBUG_INFORMATION_FORMAT = dwarf;
				ENABLE_STRICT_OBJC_MSGSEND = YES;
				ENABLE_TESTABILITY = YES;
				GCC_C_LANGUAGE_STANDARD = gnu11;
				GCC_DYNAMIC_NO_PIC = NO;
				GCC_NO_COMMON_BLOCKS = YES;
				GCC_OPTIMIZATION_LEVEL = 0;
				GCC_PREPROCESSOR_DEFINITIONS = (
					"DEBUG=1",
					"$(inherited)",
				);
				GCC_WARN_64_TO_32_BIT_CONVERSION = YES;
				GCC_WARN_ABOUT_RETURN_TYPE = YES_ERROR;
				GCC_WARN_UNDECLARED_SELECTOR = YES;
				GCC_WARN_UNINITIALIZED_AUTOS = YES_AGGRESSIVE;
				GCC_WARN_UNUSED_FUNCTION = YES;
				GCC_WARN_UNUSED_VARIABLE = YES;
				IPHONEOS_DEPLOYMENT_TARGET = 14.2;
				MTL_ENABLE_DEBUG_INFO = INCLUDE_SOURCE;
				MTL_FAST_MATH = YES;
				ONLY_ACTIVE_ARCH = YES;
				SDKROOT = iphoneos;
				SWIFT_ACTIVE_COMPILATION_CONDITIONS = DEBUG;
				SWIFT_OPTIMIZATION_LEVEL = "-Onone";
			};
			name = Debug;
		};
		63276683262DFAF300D7C106 /* Release */ = {
			isa = XCBuildConfiguration;
			buildSettings = {
				ALWAYS_SEARCH_USER_PATHS = NO;
				CLANG_ANALYZER_NONNULL = YES;
				CLANG_ANALYZER_NUMBER_OBJECT_CONVERSION = YES_AGGRESSIVE;
				CLANG_CXX_LANGUAGE_STANDARD = "gnu++14";
				CLANG_CXX_LIBRARY = "libc++";
				CLANG_ENABLE_MODULES = YES;
				CLANG_ENABLE_OBJC_ARC = YES;
				CLANG_ENABLE_OBJC_WEAK = YES;
				CLANG_WARN_BLOCK_CAPTURE_AUTORELEASING = YES;
				CLANG_WARN_BOOL_CONVERSION = YES;
				CLANG_WARN_COMMA = YES;
				CLANG_WARN_CONSTANT_CONVERSION = YES;
				CLANG_WARN_DEPRECATED_OBJC_IMPLEMENTATIONS = YES;
				CLANG_WARN_DIRECT_OBJC_ISA_USAGE = YES_ERROR;
				CLANG_WARN_DOCUMENTATION_COMMENTS = YES;
				CLANG_WARN_EMPTY_BODY = YES;
				CLANG_WARN_ENUM_CONVERSION = YES;
				CLANG_WARN_INFINITE_RECURSION = YES;
				CLANG_WARN_INT_CONVERSION = YES;
				CLANG_WARN_NON_LITERAL_NULL_CONVERSION = YES;
				CLANG_WARN_OBJC_IMPLICIT_RETAIN_SELF = YES;
				CLANG_WARN_OBJC_LITERAL_CONVERSION = YES;
				CLANG_WARN_OBJC_ROOT_CLASS = YES_ERROR;
				CLANG_WARN_QUOTED_INCLUDE_IN_FRAMEWORK_HEADER = YES;
				CLANG_WARN_RANGE_LOOP_ANALYSIS = YES;
				CLANG_WARN_STRICT_PROTOTYPES = YES;
				CLANG_WARN_SUSPICIOUS_MOVE = YES;
				CLANG_WARN_UNGUARDED_AVAILABILITY = YES_AGGRESSIVE;
				CLANG_WARN_UNREACHABLE_CODE = YES;
				CLANG_WARN__DUPLICATE_METHOD_MATCH = YES;
				COPY_PHASE_STRIP = NO;
				DEBUG_INFORMATION_FORMAT = "dwarf-with-dsym";
				ENABLE_NS_ASSERTIONS = NO;
				ENABLE_STRICT_OBJC_MSGSEND = YES;
				GCC_C_LANGUAGE_STANDARD = gnu11;
				GCC_NO_COMMON_BLOCKS = YES;
				GCC_WARN_64_TO_32_BIT_CONVERSION = YES;
				GCC_WARN_ABOUT_RETURN_TYPE = YES_ERROR;
				GCC_WARN_UNDECLARED_SELECTOR = YES;
				GCC_WARN_UNINITIALIZED_AUTOS = YES_AGGRESSIVE;
				GCC_WARN_UNUSED_FUNCTION = YES;
				GCC_WARN_UNUSED_VARIABLE = YES;
				IPHONEOS_DEPLOYMENT_TARGET = 14.2;
				MTL_ENABLE_DEBUG_INFO = NO;
				MTL_FAST_MATH = YES;
				SDKROOT = iphoneos;
				SWIFT_COMPILATION_MODE = wholemodule;
				SWIFT_OPTIMIZATION_LEVEL = "-O";
				VALIDATE_PRODUCT = YES;
			};
			name = Release;
		};
		63276685262DFAF300D7C106 /* Debug */ = {
			isa = XCBuildConfiguration;
			buildSettings = {
				ASSETCATALOG_COMPILER_APPICON_NAME = AppIcon;
				ASSETCATALOG_COMPILER_GLOBAL_ACCENT_COLOR_NAME = AccentColor;
				CODE_SIGN_STYLE = Automatic;
				DEVELOPMENT_TEAM = 68BSDC9KVS;
				INFOPLIST_FILE = WWTPOC/Info.plist;
				LD_RUNPATH_SEARCH_PATHS = (
					"$(inherited)",
					"@executable_path/Frameworks",
				);
				PRODUCT_BUNDLE_IDENTIFIER = RK.WWTPOC;
				PRODUCT_NAME = "$(TARGET_NAME)";
				SWIFT_VERSION = 5.0;
				TARGETED_DEVICE_FAMILY = "1,2";
			};
			name = Debug;
		};
		63276686262DFAF300D7C106 /* Release */ = {
			isa = XCBuildConfiguration;
			buildSettings = {
				ASSETCATALOG_COMPILER_APPICON_NAME = AppIcon;
				ASSETCATALOG_COMPILER_GLOBAL_ACCENT_COLOR_NAME = AccentColor;
				CODE_SIGN_STYLE = Automatic;
				DEVELOPMENT_TEAM = 68BSDC9KVS;
				INFOPLIST_FILE = WWTPOC/Info.plist;
				LD_RUNPATH_SEARCH_PATHS = (
					"$(inherited)",
					"@executable_path/Frameworks",
				);
				PRODUCT_BUNDLE_IDENTIFIER = RK.WWTPOC;
				PRODUCT_NAME = "$(TARGET_NAME)";
				SWIFT_VERSION = 5.0;
				TARGETED_DEVICE_FAMILY = "1,2";
			};
			name = Release;
		};
		63276688262DFAF300D7C106 /* Debug */ = {
			isa = XCBuildConfiguration;
			buildSettings = {
				ALWAYS_EMBED_SWIFT_STANDARD_LIBRARIES = YES;
				BUNDLE_LOADER = "$(TEST_HOST)";
				CODE_SIGN_STYLE = Automatic;
				DEVELOPMENT_TEAM = 68BSDC9KVS;
				INFOPLIST_FILE = WWTPOCTests/Info.plist;
				IPHONEOS_DEPLOYMENT_TARGET = 14.2;
				LD_RUNPATH_SEARCH_PATHS = (
					"$(inherited)",
					"@executable_path/Frameworks",
					"@loader_path/Frameworks",
				);
				PRODUCT_BUNDLE_IDENTIFIER = RK.WWTPOCTests;
				PRODUCT_NAME = "$(TARGET_NAME)";
				SWIFT_VERSION = 5.0;
				TARGETED_DEVICE_FAMILY = "1,2";
				TEST_HOST = "$(BUILT_PRODUCTS_DIR)/WWTPOC.app/WWTPOC";
			};
			name = Debug;
		};
		63276689262DFAF300D7C106 /* Release */ = {
			isa = XCBuildConfiguration;
			buildSettings = {
				ALWAYS_EMBED_SWIFT_STANDARD_LIBRARIES = YES;
				BUNDLE_LOADER = "$(TEST_HOST)";
				CODE_SIGN_STYLE = Automatic;
				DEVELOPMENT_TEAM = 68BSDC9KVS;
				INFOPLIST_FILE = WWTPOCTests/Info.plist;
				IPHONEOS_DEPLOYMENT_TARGET = 14.2;
				LD_RUNPATH_SEARCH_PATHS = (
					"$(inherited)",
					"@executable_path/Frameworks",
					"@loader_path/Frameworks",
				);
				PRODUCT_BUNDLE_IDENTIFIER = RK.WWTPOCTests;
				PRODUCT_NAME = "$(TARGET_NAME)";
				SWIFT_VERSION = 5.0;
				TARGETED_DEVICE_FAMILY = "1,2";
				TEST_HOST = "$(BUILT_PRODUCTS_DIR)/WWTPOC.app/WWTPOC";
			};
			name = Release;
		};
		6327668B262DFAF300D7C106 /* Debug */ = {
			isa = XCBuildConfiguration;
			buildSettings = {
				ALWAYS_EMBED_SWIFT_STANDARD_LIBRARIES = YES;
				CODE_SIGN_STYLE = Automatic;
				DEVELOPMENT_TEAM = 68BSDC9KVS;
				INFOPLIST_FILE = WWTPOCUITests/Info.plist;
				LD_RUNPATH_SEARCH_PATHS = (
					"$(inherited)",
					"@executable_path/Frameworks",
					"@loader_path/Frameworks",
				);
				PRODUCT_BUNDLE_IDENTIFIER = RK.WWTPOCUITests;
				PRODUCT_NAME = "$(TARGET_NAME)";
				SWIFT_VERSION = 5.0;
				TARGETED_DEVICE_FAMILY = "1,2";
				TEST_TARGET_NAME = WWTPOC;
			};
			name = Debug;
		};
		6327668C262DFAF300D7C106 /* Release */ = {
			isa = XCBuildConfiguration;
			buildSettings = {
				ALWAYS_EMBED_SWIFT_STANDARD_LIBRARIES = YES;
				CODE_SIGN_STYLE = Automatic;
				DEVELOPMENT_TEAM = 68BSDC9KVS;
				INFOPLIST_FILE = WWTPOCUITests/Info.plist;
				LD_RUNPATH_SEARCH_PATHS = (
					"$(inherited)",
					"@executable_path/Frameworks",
					"@loader_path/Frameworks",
				);
				PRODUCT_BUNDLE_IDENTIFIER = RK.WWTPOCUITests;
				PRODUCT_NAME = "$(TARGET_NAME)";
				SWIFT_VERSION = 5.0;
				TARGETED_DEVICE_FAMILY = "1,2";
				TEST_TARGET_NAME = WWTPOC;
			};
			name = Release;
		};
/* End XCBuildConfiguration section */

/* Begin XCConfigurationList section */
		63276655262DFAF200D7C106 /* Build configuration list for PBXProject "WWTPOC" */ = {
			isa = XCConfigurationList;
			buildConfigurations = (
				63276682262DFAF300D7C106 /* Debug */,
				63276683262DFAF300D7C106 /* Release */,
			);
			defaultConfigurationIsVisible = 0;
			defaultConfigurationName = Release;
		};
		63276684262DFAF300D7C106 /* Build configuration list for PBXNativeTarget "WWTPOC" */ = {
			isa = XCConfigurationList;
			buildConfigurations = (
				63276685262DFAF300D7C106 /* Debug */,
				63276686262DFAF300D7C106 /* Release */,
			);
			defaultConfigurationIsVisible = 0;
			defaultConfigurationName = Release;
		};
		63276687262DFAF300D7C106 /* Build configuration list for PBXNativeTarget "WWTPOCTests" */ = {
			isa = XCConfigurationList;
			buildConfigurations = (
				63276688262DFAF300D7C106 /* Debug */,
				63276689262DFAF300D7C106 /* Release */,
			);
			defaultConfigurationIsVisible = 0;
			defaultConfigurationName = Release;
		};
		6327668A262DFAF300D7C106 /* Build configuration list for PBXNativeTarget "WWTPOCUITests" */ = {
			isa = XCConfigurationList;
			buildConfigurations = (
				6327668B262DFAF300D7C106 /* Debug */,
				6327668C262DFAF300D7C106 /* Release */,
			);
			defaultConfigurationIsVisible = 0;
			defaultConfigurationName = Release;
		};
/* End XCConfigurationList section */
	};
	rootObject = 63276652262DFAF200D7C106 /* Project object */;
}
